
Microsoft Visual Studio Solution File, Format Version 11.00
# Visual Basic Express 2010
Project("{F184B08F-C81C-45F6-A57F-5ABD9991F28F}") = "RedditReader2", "RedditReader2\RedditReader2.vbproj", "{7548DF73-9A82-4D6B-88C4-3B55CA0720C3}"
EndProject
Global
	GlobalSection(SolutionConfigurationPlatforms) = preSolution
		Debug|x86 = Debug|x86
		Release|x86 = Release|x86
	EndGlobalSection
	GlobalSection(ProjectConfigurationPlatforms) = postSolution
		{7548DF73-9A82-4D6B-88C4-3B55CA0720C3}.Debug|x86.ActiveCfg = Debug|x86
		{7548DF73-9A82-4D6B-88C4-3B55CA0720C3}.Debug|x86.Build.0 = Debug|x86
		{7548DF73-9A82-4D6B-88C4-3B55CA0720C3}.Release|x86.ActiveCfg = Release|x86
		{7548DF73-9A82-4D6B-88C4-3B55CA0720C3}.Release|x86.Build.0 = Release|x86
	EndGlobalSection
	GlobalSection(SolutionProperties) = preSolution
		HideSolutionNode = FALSE
	EndGlobalSection
EndGlobal
